
Microsoft Visual Studio Solution File, Format Version 12.00
# Visual Studio Version 17
VisualStudioVersion = 17.9.34622.214
MinimumVisualStudioVersion = 10.0.40219.1
Project("{9A19103F-16F7-4668-BE54-9A1E7A4F7556}") = "Dashboard", "Dashboard\Dashboard.csproj", "{FCCF9D84-5E2B-427A-BD0E-74E1697AD73B}"
EndProject
Project("{9A19103F-16F7-4668-BE54-9A1E7A4F7556}") = "Dashboard.Desktop", "Dashboard.Desktop\Dashboard.Desktop.csproj", "{94D9E692-732C-42BA-9686-4510B0BA8B59}"
EndProject
Global
	GlobalSection(SolutionConfigurationPlatforms) = preSolution
		Debug|Any CPU = Debug|Any CPU
		Release|Any CPU = Release|Any CPU
	EndGlobalSection
	GlobalSection(ProjectConfigurationPlatforms) = postSolution
		{FCCF9D84-5E2B-427A-BD0E-74E1697AD73B}.Debug|Any CPU.ActiveCfg = Debug|Any CPU
		{FCCF9D84-5E2B-427A-BD0E-74E1697AD73B}.Debug|Any CPU.Build.0 = Debug|Any CPU
		{FCCF9D84-5E2B-427A-BD0E-74E1697AD73B}.Release|Any CPU.ActiveCfg = Release|Any CPU
		{FCCF9D84-5E2B-427A-BD0E-74E1697AD73B}.Release|Any CPU.Build.0 = Release|Any CPU
		{94D9E692-732C-42BA-9686-4510B0BA8B59}.Debug|Any CPU.ActiveCfg = Debug|Any CPU
		{94D9E692-732C-42BA-9686-4510B0BA8B59}.Debug|Any CPU.Build.0 = Debug|Any CPU
		{94D9E692-732C-42BA-9686-4510B0BA8B59}.Release|Any CPU.ActiveCfg = Release|Any CPU
		{94D9E692-732C-42BA-9686-4510B0BA8B59}.Release|Any CPU.Build.0 = Release|Any CPU
	EndGlobalSection
	GlobalSection(SolutionProperties) = preSolution
		HideSolutionNode = FALSE
	EndGlobalSection
	GlobalSection(ExtensibilityGlobals) = postSolution
		SolutionGuid = {7F5EAC92-AFFE-43BF-BA7C-12A288B10AA4}
	EndGlobalSection
EndGlobal
